// !$*UTF8*$!
{
	archiveVersion = 1;
	classes = {
	};
	objectVersion = 46;
	objects = {

/* Begin PBXBuildFile section */
		52DEC0F81ACF1AA000447ACC /* LaunchScreen.xib in Resources */ = {isa = PBXBuildFile; fileRef = 52DEC0DF1ACF1AA000447ACC /* LaunchScreen.xib */; };
		52DEC0F91ACF1AA000447ACC /* Main.storyboard in Resources */ = {isa = PBXBuildFile; fileRef = 52DEC0E11ACF1AA000447ACC /* Main.storyboard */; };
		52DEC0FA1ACF1AA000447ACC /* AppDelegate.m in Sources */ = {isa = PBXBuildFile; fileRef = 52DEC0E51ACF1AA000447ACC /* AppDelegate.m */; };
		52DEC0FB1ACF1AA000447ACC /* JWPerformanceTestViewController.m in Sources */ = {isa = PBXBuildFile; fileRef = 52DEC0E81ACF1AA000447ACC /* JWPerformanceTestViewController.m */; };
		52DEC0FC1ACF1AA000447ACC /* TBCityIconViewController.m in Sources */ = {isa = PBXBuildFile; fileRef = 52DEC0EA1ACF1AA000447ACC /* TBCityIconViewController.m */; };
		52DEC0FD1ACF1AA000447ACC /* LLIconfont.ttf in Resources */ = {isa = PBXBuildFile; fileRef = 52DEC0EB1ACF1AA000447ACC /* LLIconfont.ttf */; };
		52DEC0FE1ACF1AA000447ACC /* appreciate200@2x.png in Resources */ = {isa = PBXBuildFile; fileRef = 52DEC0F01ACF1AA000447ACC /* appreciate200@2x.png */; };
		52DEC0FF1ACF1AA000447ACC /* appreciate32@2x.png in Resources */ = {isa = PBXBuildFile; fileRef = 52DEC0F11ACF1AA000447ACC /* appreciate32@2x.png */; };
		52DEC1001ACF1AA000447ACC /* appreciate64@2x.png in Resources */ = {isa = PBXBuildFile; fileRef = 52DEC0F21ACF1AA000447ACC /* appreciate64@2x.png */; };
		52DEC1011ACF1AA000447ACC /* Images.xcassets in Resources */ = {isa = PBXBuildFile; fileRef = 52DEC0F31ACF1AA000447ACC /* Images.xcassets */; };
		52DEC1021ACF1AA000447ACC /* Info.plist in Resources */ = {isa = PBXBuildFile; fileRef = 52DEC0F61ACF1AA000447ACC /* Info.plist */; };
		52DEC1031ACF1AA000447ACC /* main.m in Sources */ = {isa = PBXBuildFile; fileRef = 52DEC0F71ACF1AA000447ACC /* main.m */; };
		52DEC10B1ACF1AE400447ACC /* TBCityIconFont.m in Sources */ = {isa = PBXBuildFile; fileRef = 52DEC1061ACF1AE400447ACC /* TBCityIconFont.m */; };
		52DEC10C1ACF1AE400447ACC /* TBCityIconInfo.m in Sources */ = {isa = PBXBuildFile; fileRef = 52DEC1081ACF1AE400447ACC /* TBCityIconInfo.m */; };
		52DEC10D1ACF1AE400447ACC /* UIImage+TBCityIconFont.m in Sources */ = {isa = PBXBuildFile; fileRef = 52DEC10A1ACF1AE400447ACC /* UIImage+TBCityIconFont.m */; };
/* End PBXBuildFile section */

/* Begin PBXFileReference section */
		522733BA19D2B5C500A25C06 /* IconFont.app */ = {isa = PBXFileReference; explicitFileType = wrapper.application; includeInIndex = 0; path = IconFont.app; sourceTree = BUILT_PRODUCTS_DIR; };
		52DEC0E01ACF1AA000447ACC /* Base */ = {isa = PBXFileReference; lastKnownFileType = file.xib; name = Base; path = Base.lproj/LaunchScreen.xib; sourceTree = "<group>"; };
		52DEC0E21ACF1AA000447ACC /* Base */ = {isa = PBXFileReference; lastKnownFileType = file.storyboard; name = Base; path = Base.lproj/Main.storyboard; sourceTree = "<group>"; };
		52DEC0E41ACF1AA000447ACC /* AppDelegate.h */ = {isa = PBXFileReference; fileEncoding = 4; lastKnownFileType = sourcecode.c.h; path = AppDelegate.h; sourceTree = "<group>"; };
		52DEC0E51ACF1AA000447ACC /* AppDelegate.m */ = {isa = PBXFileReference; fileEncoding = 4; lastKnownFileType = sourcecode.c.objc; path = AppDelegate.m; sourceTree = "<group>"; };
		52DEC0E71ACF1AA000447ACC /* JWPerformanceTestViewController.h */ = {isa = PBXFileReference; fileEncoding = 4; lastKnownFileType = sourcecode.c.h; path = JWPerformanceTestViewController.h; sourceTree = "<group>"; };
		52DEC0E81ACF1AA000447ACC /* JWPerformanceTestViewController.m */ = {isa = PBXFileReference; fileEncoding = 4; lastKnownFileType = sourcecode.c.objc; path = JWPerformanceTestViewController.m; sourceTree = "<group>"; };
		52DEC0E91ACF1AA000447ACC /* TBCityIconViewController.h */ = {isa = PBXFileReference; fileEncoding = 4; lastKnownFileType = sourcecode.c.h; path = TBCityIconViewController.h; sourceTree = "<group>"; };
		52DEC0EA1ACF1AA000447ACC /* TBCityIconViewController.m */ = {isa = PBXFileReference; fileEncoding = 4; lastKnownFileType = sourcecode.c.objc; path = TBCityIconViewController.m; sourceTree = "<group>"; };
		52DEC0EB1ACF1AA000447ACC /* LLIconfont.ttf */ = {isa = PBXFileReference; lastKnownFileType = file; path = LLIconfont.ttf; sourceTree = "<group>"; };
		52DEC0EC1ACF1AA000447ACC /* TBCityIconDefine.h */ = {isa = PBXFileReference; fileEncoding = 4; lastKnownFileType = sourcecode.c.h; path = TBCityIconDefine.h; sourceTree = "<group>"; };
		52DEC0F01ACF1AA000447ACC /* appreciate200@2x.png */ = {isa = PBXFileReference; lastKnownFileType = image.png; path = "appreciate200@2x.png"; sourceTree = "<group>"; };
		52DEC0F11ACF1AA000447ACC /* appreciate32@2x.png */ = {isa = PBXFileReference; lastKnownFileType = image.png; path = "appreciate32@2x.png"; sourceTree = "<group>"; };
		52DEC0F21ACF1AA000447ACC /* appreciate64@2x.png */ = {isa = PBXFileReference; lastKnownFileType = image.png; path = "appreciate64@2x.png"; sourceTree = "<group>"; };
		52DEC0F31ACF1AA000447ACC /* Images.xcassets */ = {isa = PBXFileReference; lastKnownFileType = folder.assetcatalog; path = Images.xcassets; sourceTree = "<group>"; };
		52DEC0F51ACF1AA000447ACC /* IconFont-Prefix.pch */ = {isa = PBXFileReference; fileEncoding = 4; lastKnownFileType = sourcecode.c.h; path = "IconFont-Prefix.pch"; sourceTree = "<group>"; };
		52DEC0F61ACF1AA000447ACC /* Info.plist */ = {isa = PBXFileReference; fileEncoding = 4; lastKnownFileType = text.plist.xml; path = Info.plist; sourceTree = "<group>"; };
		52DEC0F71ACF1AA000447ACC /* main.m */ = {isa = PBXFileReference; fileEncoding = 4; lastKnownFileType = sourcecode.c.objc; path = main.m; sourceTree = "<group>"; };
		52DEC1051ACF1AE400447ACC /* TBCityIconFont.h */ = {isa = PBXFileReference; fileEncoding = 4; lastKnownFileType = sourcecode.c.h; path = TBCityIconFont.h; sourceTree = "<group>"; };
		52DEC1061ACF1AE400447ACC /* TBCityIconFont.m */ = {isa = PBXFileReference; fileEncoding = 4; lastKnownFileType = sourcecode.c.objc; path = TBCityIconFont.m; sourceTree = "<group>"; };
		52DEC1071ACF1AE400447ACC /* TBCityIconInfo.h */ = {isa = PBXFileReference; fileEncoding = 4; lastKnownFileType = sourcecode.c.h; path = TBCityIconInfo.h; sourceTree = "<group>"; };
		52DEC1081ACF1AE400447ACC /* TBCityIconInfo.m */ = {isa = PBXFileReference; fileEncoding = 4; lastKnownFileType = sourcecode.c.objc; path = TBCityIconInfo.m; sourceTree = "<group>"; };
		52DEC1091ACF1AE400447ACC /* UIImage+TBCityIconFont.h */ = {isa = PBXFileReference; fileEncoding = 4; lastKnownFileType = sourcecode.c.h; path = "UIImage+TBCityIconFont.h"; sourceTree = "<group>"; };
		52DEC10A1ACF1AE400447ACC /* UIImage+TBCityIconFont.m */ = {isa = PBXFileReference; fileEncoding = 4; lastKnownFileType = sourcecode.c.objc; path = "UIImage+TBCityIconFont.m"; sourceTree = "<group>"; };
/* End PBXFileReference section */

/* Begin PBXFrameworksBuildPhase section */
		522733B719D2B5C500A25C06 /* Frameworks */ = {
			isa = PBXFrameworksBuildPhase;
			buildActionMask = 2147483647;
			files = (
			);
			runOnlyForDeploymentPostprocessing = 0;
		};
/* End PBXFrameworksBuildPhase section */

/* Begin PBXGroup section */
		522733B119D2B5C500A25C06 = {
			isa = PBXGroup;
			children = (
				52DEC1041ACF1AE400447ACC /* IconFont */,
				52DEC0DE1ACF1AA000447ACC /* Example */,
				522733BB19D2B5C500A25C06 /* Products */,
			);
			sourceTree = "<group>";
		};
		522733BB19D2B5C500A25C06 /* Products */ = {
			isa = PBXGroup;
			children = (
				522733BA19D2B5C500A25C06 /* IconFont.app */,
			);
			name = Products;
			sourceTree = "<group>";
		};
		52DEC0DE1ACF1AA000447ACC /* Example */ = {
			isa = PBXGroup;
			children = (
				52DEC0DF1ACF1AA000447ACC /* LaunchScreen.xib */,
				52DEC0E11ACF1AA000447ACC /* Main.storyboard */,
				52DEC0E31ACF1AA000447ACC /* Classes */,
				52DEC0EF1ACF1AA000447ACC /* Resources */,
				52DEC0F41ACF1AA000447ACC /* Supporting Files */,
			);
			path = Example;
			sourceTree = "<group>";
		};
		52DEC0E31ACF1AA000447ACC /* Classes */ = {
			isa = PBXGroup;
			children = (
				52DEC0E41ACF1AA000447ACC /* AppDelegate.h */,
				52DEC0E51ACF1AA000447ACC /* AppDelegate.m */,
				52DEC0E61ACF1AA000447ACC /* Controller */,
				52DEC0EB1ACF1AA000447ACC /* LLIconfont.ttf */,
				52DEC0EC1ACF1AA000447ACC /* TBCityIconDefine.h */,
				52DEC0ED1ACF1AA000447ACC /* Utility */,
				52DEC0EE1ACF1AA000447ACC /* View */,
			);
			path = Classes;
			sourceTree = "<group>";
		};
		52DEC0E61ACF1AA000447ACC /* Controller */ = {
			isa = PBXGroup;
			children = (
				52DEC0E71ACF1AA000447ACC /* JWPerformanceTestViewController.h */,
				52DEC0E81ACF1AA000447ACC /* JWPerformanceTestViewController.m */,
				52DEC0E91ACF1AA000447ACC /* TBCityIconViewController.h */,
				52DEC0EA1ACF1AA000447ACC /* TBCityIconViewController.m */,
			);
			path = Controller;
			sourceTree = "<group>";
		};
		52DEC0ED1ACF1AA000447ACC /* Utility */ = {
			isa = PBXGroup;
			children = (
			);
			path = Utility;
			sourceTree = "<group>";
		};
		52DEC0EE1ACF1AA000447ACC /* View */ = {
			isa = PBXGroup;
			children = (
			);
			path = View;
			sourceTree = "<group>";
		};
		52DEC0EF1ACF1AA000447ACC /* Resources */ = {
			isa = PBXGroup;
			children = (
				52DEC0F01ACF1AA000447ACC /* appreciate200@2x.png */,
				52DEC0F11ACF1AA000447ACC /* appreciate32@2x.png */,
				52DEC0F21ACF1AA000447ACC /* appreciate64@2x.png */,
				52DEC0F31ACF1AA000447ACC /* Images.xcassets */,
			);
			path = Resources;
			sourceTree = "<group>";
		};
		52DEC0F41ACF1AA000447ACC /* Supporting Files */ = {
			isa = PBXGroup;
			children = (
				52DEC0F51ACF1AA000447ACC /* IconFont-Prefix.pch */,
				52DEC0F61ACF1AA000447ACC /* Info.plist */,
				52DEC0F71ACF1AA000447ACC /* main.m */,
			);
			path = "Supporting Files";
			sourceTree = "<group>";
		};
		52DEC1041ACF1AE400447ACC /* IconFont */ = {
			isa = PBXGroup;
			children = (
				52DEC1051ACF1AE400447ACC /* TBCityIconFont.h */,
				52DEC1061ACF1AE400447ACC /* TBCityIconFont.m */,
				52DEC1071ACF1AE400447ACC /* TBCityIconInfo.h */,
				52DEC1081ACF1AE400447ACC /* TBCityIconInfo.m */,
				52DEC1091ACF1AE400447ACC /* UIImage+TBCityIconFont.h */,
				52DEC10A1ACF1AE400447ACC /* UIImage+TBCityIconFont.m */,
			);
			path = IconFont;
			sourceTree = "<group>";
		};
/* End PBXGroup section */

/* Begin PBXNativeTarget section */
		522733B919D2B5C500A25C06 /* IconFont */ = {
			isa = PBXNativeTarget;
			buildConfigurationList = 522733E019D2B5C500A25C06 /* Build configuration list for PBXNativeTarget "IconFont" */;
			buildPhases = (
				522733B619D2B5C500A25C06 /* Sources */,
				522733B719D2B5C500A25C06 /* Frameworks */,
				522733B819D2B5C500A25C06 /* Resources */,
			);
			buildRules = (
			);
			dependencies = (
			);
			name = IconFont;
			productName = IconFont;
			productReference = 522733BA19D2B5C500A25C06 /* IconFont.app */;
			productType = "com.apple.product-type.application";
		};
/* End PBXNativeTarget section */

/* Begin PBXProject section */
		522733B219D2B5C500A25C06 /* Project object */ = {
			isa = PBXProject;
			attributes = {
				CLASSPREFIX = TBCity;
				LastUpgradeCheck = 0620;
				ORGANIZATIONNAME = Taodiandian;
				TargetAttributes = {
					522733B919D2B5C500A25C06 = {
						CreatedOnToolsVersion = 6.0;
					};
				};
			};
			buildConfigurationList = 522733B519D2B5C500A25C06 /* Build configuration list for PBXProject "IconFont" */;
			compatibilityVersion = "Xcode 3.2";
			developmentRegion = English;
			hasScannedForEncodings = 0;
			knownRegions = (
				en,
				Base,
			);
			mainGroup = 522733B119D2B5C500A25C06;
			productRefGroup = 522733BB19D2B5C500A25C06 /* Products */;
			projectDirPath = "";
			projectRoot = "";
			targets = (
				522733B919D2B5C500A25C06 /* IconFont */,
			);
		};
/* End PBXProject section */

/* Begin PBXResourcesBuildPhase section */
		522733B819D2B5C500A25C06 /* Resources */ = {
			isa = PBXResourcesBuildPhase;
			buildActionMask = 2147483647;
			files = (
				52DEC0F81ACF1AA000447ACC /* LaunchScreen.xib in Resources */,
				52DEC0FE1ACF1AA000447ACC /* appreciate200@2x.png in Resources */,
				52DEC0FF1ACF1AA000447ACC /* appreciate32@2x.png in Resources */,
				52DEC1021ACF1AA000447ACC /* Info.plist in Resources */,
				52DEC1001ACF1AA000447ACC /* appreciate64@2x.png in Resources */,
				52DEC1011ACF1AA000447ACC /* Images.xcassets in Resources */,
				52DEC0F91ACF1AA000447ACC /* Main.storyboard in Resources */,
				52DEC0FD1ACF1AA000447ACC /* LLIconfont.ttf in Resources */,
			);
			runOnlyForDeploymentPostprocessing = 0;
		};
/* End PBXResourcesBuildPhase section */

/* Begin PBXSourcesBuildPhase section */
		522733B619D2B5C500A25C06 /* Sources */ = {
			isa = PBXSourcesBuildPhase;
			buildActionMask = 2147483647;
			files = (
				52DEC0FC1ACF1AA000447ACC /* TBCityIconViewController.m in Sources */,
				52DEC0FB1ACF1AA000447ACC /* JWPerformanceTestViewController.m in Sources */,
				52DEC0FA1ACF1AA000447ACC /* AppDelegate.m in Sources */,
				52DEC10B1ACF1AE400447ACC /* TBCityIconFont.m in Sources */,
				52DEC1031ACF1AA000447ACC /* main.m in Sources */,
				52DEC10D1ACF1AE400447ACC /* UIImage+TBCityIconFont.m in Sources */,
				52DEC10C1ACF1AE400447ACC /* TBCityIconInfo.m in Sources */,
			);
			runOnlyForDeploymentPostprocessing = 0;
		};
/* End PBXSourcesBuildPhase section */

/* Begin PBXVariantGroup section */
		52DEC0DF1ACF1AA000447ACC /* LaunchScreen.xib */ = {
			isa = PBXVariantGroup;
			children = (
				52DEC0E01ACF1AA000447ACC /* Base */,
			);
			name = LaunchScreen.xib;
			sourceTree = "<group>";
		};
		52DEC0E11ACF1AA000447ACC /* Main.storyboard */ = {
			isa = PBXVariantGroup;
			children = (
				52DEC0E21ACF1AA000447ACC /* Base */,
			);
			name = Main.storyboard;
			sourceTree = "<group>";
		};
/* End PBXVariantGroup section */

/* Begin XCBuildConfiguration section */
		522733DE19D2B5C500A25C06 /* Debug */ = {
			isa = XCBuildConfiguration;
			buildSettings = {
				ALWAYS_SEARCH_USER_PATHS = NO;
				CLANG_CXX_LANGUAGE_STANDARD = "gnu++0x";
				CLANG_CXX_LIBRARY = "libc++";
				CLANG_ENABLE_MODULES = YES;
				CLANG_ENABLE_OBJC_ARC = YES;
				CLANG_WARN_BOOL_CONVERSION = YES;
				CLANG_WARN_CONSTANT_CONVERSION = YES;
				CLANG_WARN_DIRECT_OBJC_ISA_USAGE = YES_ERROR;
				CLANG_WARN_EMPTY_BODY = YES;
				CLANG_WARN_ENUM_CONVERSION = YES;
				CLANG_WARN_INT_CONVERSION = YES;
				CLANG_WARN_OBJC_ROOT_CLASS = YES_ERROR;
				CLANG_WARN_UNREACHABLE_CODE = YES;
				CLANG_WARN__DUPLICATE_METHOD_MATCH = YES;
				"CODE_SIGN_IDENTITY[sdk=iphoneos*]" = "iPhone Developer";
				COPY_PHASE_STRIP = NO;
				ENABLE_STRICT_OBJC_MSGSEND = YES;
				GCC_C_LANGUAGE_STANDARD = gnu99;
				GCC_DYNAMIC_NO_PIC = NO;
				GCC_OPTIMIZATION_LEVEL = 0;
				GCC_PREFIX_HEADER = "IconFont/Supporting Files/IconFont-Prefix.pch";
				GCC_PREPROCESSOR_DEFINITIONS = (
					"DEBUG=1",
					"$(inherited)",
				);
				GCC_SYMBOLS_PRIVATE_EXTERN = NO;
				GCC_WARN_64_TO_32_BIT_CONVERSION = YES;
				GCC_WARN_ABOUT_RETURN_TYPE = YES_ERROR;
				GCC_WARN_UNDECLARED_SELECTOR = YES;
				GCC_WARN_UNINITIALIZED_AUTOS = YES_AGGRESSIVE;
				GCC_WARN_UNUSED_FUNCTION = YES;
				GCC_WARN_UNUSED_VARIABLE = YES;
				IPHONEOS_DEPLOYMENT_TARGET = 5.1;
				MTL_ENABLE_DEBUG_INFO = YES;
				ONLY_ACTIVE_ARCH = YES;
				SDKROOT = iphoneos;
			};
			name = Debug;
		};
		522733DF19D2B5C500A25C06 /* Release */ = {
			isa = XCBuildConfiguration;
			buildSettings = {
				ALWAYS_SEARCH_USER_PATHS = NO;
				CLANG_CXX_LANGUAGE_STANDARD = "gnu++0x";
				CLANG_CXX_LIBRARY = "libc++";
				CLANG_ENABLE_MODULES = YES;
				CLANG_ENABLE_OBJC_ARC = YES;
				CLANG_WARN_BOOL_CONVERSION = YES;
				CLANG_WARN_CONSTANT_CONVERSION = YES;
				CLANG_WARN_DIRECT_OBJC_ISA_USAGE = YES_ERROR;
				CLANG_WARN_EMPTY_BODY = YES;
				CLANG_WARN_ENUM_CONVERSION = YES;
				CLANG_WARN_INT_CONVERSION = YES;
				CLANG_WARN_OBJC_ROOT_CLASS = YES_ERROR;
				CLANG_WARN_UNREACHABLE_CODE = YES;
				CLANG_WARN__DUPLICATE_METHOD_MATCH = YES;
				"CODE_SIGN_IDENTITY[sdk=iphoneos*]" = "iPhone Developer";
				COPY_PHASE_STRIP = YES;
				ENABLE_NS_ASSERTIONS = NO;
				ENABLE_STRICT_OBJC_MSGSEND = YES;
				GCC_C_LANGUAGE_STANDARD = gnu99;
				GCC_PREFIX_HEADER = "IconFont/Supporting Files/IconFont-Prefix.pch";
				GCC_WARN_64_TO_32_BIT_CONVERSION = YES;
				GCC_WARN_ABOUT_RETURN_TYPE = YES_ERROR;
				GCC_WARN_UNDECLARED_SELECTOR = YES;
				GCC_WARN_UNINITIALIZED_AUTOS = YES_AGGRESSIVE;
				GCC_WARN_UNUSED_FUNCTION = YES;
				GCC_WARN_UNUSED_VARIABLE = YES;
				IPHONEOS_DEPLOYMENT_TARGET = 5.1;
				MTL_ENABLE_DEBUG_INFO = NO;
				SDKROOT = iphoneos;
				VALIDATE_PRODUCT = YES;
			};
			name = Release;
		};
		522733E119D2B5C500A25C06 /* Debug */ = {
			isa = XCBuildConfiguration;
			buildSettings = {
				ASSETCATALOG_COMPILER_APPICON_NAME = AppIcon;
				FRAMEWORK_SEARCH_PATHS = (
					"$(inherited)",
					"$(SYSTEM_APPS_DIR)/Reveal.app/Contents/SharedSupport/iOS-Libraries",
				);
				GCC_PREFIX_HEADER = "Example/Supporting Files/IconFont-Prefix.pch";
				INFOPLIST_FILE = "$(SRCROOT)/Example/Supporting Files/Info.plist";
				IPHONEOS_DEPLOYMENT_TARGET = 7.1;
				LD_RUNPATH_SEARCH_PATHS = "$(inherited) @executable_path/Frameworks";
				PRODUCT_NAME = "$(TARGET_NAME)";
			};
			name = Debug;
		};
		522733E219D2B5C500A25C06 /* Release */ = {
			isa = XCBuildConfiguration;
			buildSettings = {
				ASSETCATALOG_COMPILER_APPICON_NAME = AppIcon;
				FRAMEWORK_SEARCH_PATHS = (
					"$(inherited)",
					"$(SYSTEM_APPS_DIR)/Reveal.app/Contents/SharedSupport/iOS-Libraries",
				);
				GCC_PREFIX_HEADER = "Example/Supporting Files/IconFont-Prefix.pch";
				INFOPLIST_FILE = "$(SRCROOT)/Example/Supporting Files/Info.plist";
				IPHONEOS_DEPLOYMENT_TARGET = 7.1;
				LD_RUNPATH_SEARCH_PATHS = "$(inherited) @executable_path/Frameworks";
				PRODUCT_NAME = "$(TARGET_NAME)";
			};
			name = Release;
		};
/* End XCBuildConfiguration section */

/* Begin XCConfigurationList section */
		522733B519D2B5C500A25C06 /* Build configuration list for PBXProject "IconFont" */ = {
			isa = XCConfigurationList;
			buildConfigurations = (
				522733DE19D2B5C500A25C06 /* Debug */,
				522733DF19D2B5C500A25C06 /* Release */,
			);
			defaultConfigurationIsVisible = 0;
			defaultConfigurationName = Release;
		};
		522733E019D2B5C500A25C06 /* Build configuration list for PBXNativeTarget "IconFont" */ = {
			isa = XCConfigurationList;
			buildConfigurations = (
				522733E119D2B5C500A25C06 /* Debug */,
				522733E219D2B5C500A25C06 /* Release */,
			);
			defaultConfigurationIsVisible = 0;
			defaultConfigurationName = Release;
		};
/* End XCConfigurationList section */
	};
	rootObject = 522733B219D2B5C500A25C06 /* Project object */;
}
